
Microsoft Visual Studio Solution File, Format Version 12.00
# Visual Studio 15
VisualStudioVersion = 15.0.26430.14
MinimumVisualStudioVersion = 10.0.40219.1
Project("{9A19103F-16F7-4668-BE54-9A1E7A4F7556}") = "Akka.CQRS", "src\Akka.CQRS\Akka.CQRS.csproj", "{E945AABA-2779-41E8-9B43-8898FFD64F22}"
EndProject
Project("{9A19103F-16F7-4668-BE54-9A1E7A4F7556}") = "Akka.CQRS.Tests", "src\Akka.CQRS.Tests\Akka.CQRS.Tests.csproj", "{0F9B9BC6-9F86-40E8-BA9B-D27BF3AC7970}"
EndProject
Project("{9A19103F-16F7-4668-BE54-9A1E7A4F7556}") = "Akka.CQRS.Tests.Performance", "src\Akka.CQRS.Tests.Performance\Akka.CQRS.Tests.Performance.csproj", "{CAE7CA7C-0D0C-4FDA-BDE9-BE16A27343EF}"
EndProject
Project("{2150E333-8FDC-42A3-9474-1A3956D46DE8}") = "build", "build", "{79D71264-186B-4F62-8930-35DD9ECCAF3B}"
	ProjectSection(SolutionItems) = preProject
		build.cmd = build.cmd
		build.fsx = build.fsx
		build.ps1 = build.ps1
		build.sh = build.sh
	EndProjectSection
EndProject
Project("{9A19103F-16F7-4668-BE54-9A1E7A4F7556}") = "Akka.CQRS.Matching", "src\Akka.CQRS.Matching\Akka.CQRS.Matching.csproj", "{F6F74FCA-8E53-4620-90C7-9A91278A3521}"
EndProject
Project("{9A19103F-16F7-4668-BE54-9A1E7A4F7556}") = "Akka.CQRS.Matching.Tests", "src\Akka.CQRS.Matching.Tests\Akka.CQRS.Matching.Tests.csproj", "{F1EFDCB9-FD61-4782-A12A-108C73DB368E}"
EndProject
Project("{2150E333-8FDC-42A3-9474-1A3956D46DE8}") = "libraries", "libraries", "{08DA7279-F347-4F54-95B6-7335F52746A6}"
EndProject
Project("{2150E333-8FDC-42A3-9474-1A3956D46DE8}") = "trade-platform", "trade-platform", "{E1C0B656-C8EA-4F93-8855-798548B72B13}"
EndProject
Project("{9A19103F-16F7-4668-BE54-9A1E7A4F7556}") = "Akka.CQRS.TradeProcessor.Service", "src\Akka.CQRS.TradeProcessor.Service\Akka.CQRS.TradeProcessor.Service.csproj", "{5EB6F2C5-FEF1-402A-AB76-3A9F62B2EFDE}"
EndProject
Project("{9A19103F-16F7-4668-BE54-9A1E7A4F7556}") = "Akka.CQRS.TradeProcessor.Actors", "src\Akka.CQRS.TradeProcessor.Actors\Akka.CQRS.TradeProcessor.Actors.csproj", "{733BA8FC-C198-4C83-BA57-FE3672CBB307}"
EndProject
Project("{9A19103F-16F7-4668-BE54-9A1E7A4F7556}") = "Akka.CQRS.Subscriptions", "src\Akka.CQRS.Subscriptions\Akka.CQRS.Subscriptions.csproj", "{53895A69-5516-4598-8D76-32F9F2C67F0E}"
EndProject
Project("{FAE04EC0-301F-11D3-BF4B-00C04F79EFBC}") = "Akka.CQRS.Subscriptions.Tests", "src\Akka.CQRS.Subscriptions.Tests\Akka.CQRS.Subscriptions.Tests.csproj", "{E45B6452-4E63-4392-81FA-5C7B979A1A9B}"
EndProject
Global
	GlobalSection(SolutionConfigurationPlatforms) = preSolution
		Debug|Any CPU = Debug|Any CPU
		Release|Any CPU = Release|Any CPU
	EndGlobalSection
	GlobalSection(ProjectConfigurationPlatforms) = postSolution
		{E945AABA-2779-41E8-9B43-8898FFD64F22}.Debug|Any CPU.ActiveCfg = Debug|Any CPU
		{E945AABA-2779-41E8-9B43-8898FFD64F22}.Debug|Any CPU.Build.0 = Debug|Any CPU
		{E945AABA-2779-41E8-9B43-8898FFD64F22}.Release|Any CPU.ActiveCfg = Release|Any CPU
		{E945AABA-2779-41E8-9B43-8898FFD64F22}.Release|Any CPU.Build.0 = Release|Any CPU
		{0F9B9BC6-9F86-40E8-BA9B-D27BF3AC7970}.Debug|Any CPU.ActiveCfg = Debug|Any CPU
		{0F9B9BC6-9F86-40E8-BA9B-D27BF3AC7970}.Debug|Any CPU.Build.0 = Debug|Any CPU
		{0F9B9BC6-9F86-40E8-BA9B-D27BF3AC7970}.Release|Any CPU.ActiveCfg = Release|Any CPU
		{0F9B9BC6-9F86-40E8-BA9B-D27BF3AC7970}.Release|Any CPU.Build.0 = Release|Any CPU
		{CAE7CA7C-0D0C-4FDA-BDE9-BE16A27343EF}.Debug|Any CPU.ActiveCfg = Debug|Any CPU
		{CAE7CA7C-0D0C-4FDA-BDE9-BE16A27343EF}.Debug|Any CPU.Build.0 = Debug|Any CPU
		{CAE7CA7C-0D0C-4FDA-BDE9-BE16A27343EF}.Release|Any CPU.ActiveCfg = Release|Any CPU
		{CAE7CA7C-0D0C-4FDA-BDE9-BE16A27343EF}.Release|Any CPU.Build.0 = Release|Any CPU
		{F6F74FCA-8E53-4620-90C7-9A91278A3521}.Debug|Any CPU.ActiveCfg = Debug|Any CPU
		{F6F74FCA-8E53-4620-90C7-9A91278A3521}.Debug|Any CPU.Build.0 = Debug|Any CPU
		{F6F74FCA-8E53-4620-90C7-9A91278A3521}.Release|Any CPU.ActiveCfg = Release|Any CPU
		{F6F74FCA-8E53-4620-90C7-9A91278A3521}.Release|Any CPU.Build.0 = Release|Any CPU
		{F1EFDCB9-FD61-4782-A12A-108C73DB368E}.Debug|Any CPU.ActiveCfg = Debug|Any CPU
		{F1EFDCB9-FD61-4782-A12A-108C73DB368E}.Debug|Any CPU.Build.0 = Debug|Any CPU
		{F1EFDCB9-FD61-4782-A12A-108C73DB368E}.Release|Any CPU.ActiveCfg = Release|Any CPU
		{F1EFDCB9-FD61-4782-A12A-108C73DB368E}.Release|Any CPU.Build.0 = Release|Any CPU
		{5EB6F2C5-FEF1-402A-AB76-3A9F62B2EFDE}.Debug|Any CPU.ActiveCfg = Debug|Any CPU
		{5EB6F2C5-FEF1-402A-AB76-3A9F62B2EFDE}.Debug|Any CPU.Build.0 = Debug|Any CPU
		{5EB6F2C5-FEF1-402A-AB76-3A9F62B2EFDE}.Release|Any CPU.ActiveCfg = Release|Any CPU
		{5EB6F2C5-FEF1-402A-AB76-3A9F62B2EFDE}.Release|Any CPU.Build.0 = Release|Any CPU
		{733BA8FC-C198-4C83-BA57-FE3672CBB307}.Debug|Any CPU.ActiveCfg = Debug|Any CPU
		{733BA8FC-C198-4C83-BA57-FE3672CBB307}.Debug|Any CPU.Build.0 = Debug|Any CPU
		{733BA8FC-C198-4C83-BA57-FE3672CBB307}.Release|Any CPU.ActiveCfg = Release|Any CPU
		{733BA8FC-C198-4C83-BA57-FE3672CBB307}.Release|Any CPU.Build.0 = Release|Any CPU
		{53895A69-5516-4598-8D76-32F9F2C67F0E}.Debug|Any CPU.ActiveCfg = Debug|Any CPU
		{53895A69-5516-4598-8D76-32F9F2C67F0E}.Debug|Any CPU.Build.0 = Debug|Any CPU
		{53895A69-5516-4598-8D76-32F9F2C67F0E}.Release|Any CPU.ActiveCfg = Release|Any CPU
		{53895A69-5516-4598-8D76-32F9F2C67F0E}.Release|Any CPU.Build.0 = Release|Any CPU
		{E45B6452-4E63-4392-81FA-5C7B979A1A9B}.Debug|Any CPU.ActiveCfg = Debug|Any CPU
		{E45B6452-4E63-4392-81FA-5C7B979A1A9B}.Debug|Any CPU.Build.0 = Debug|Any CPU
		{E45B6452-4E63-4392-81FA-5C7B979A1A9B}.Release|Any CPU.ActiveCfg = Release|Any CPU
		{E45B6452-4E63-4392-81FA-5C7B979A1A9B}.Release|Any CPU.Build.0 = Release|Any CPU
	EndGlobalSection
	GlobalSection(SolutionProperties) = preSolution
		HideSolutionNode = FALSE
	EndGlobalSection
	GlobalSection(NestedProjects) = preSolution
		{E945AABA-2779-41E8-9B43-8898FFD64F22} = {08DA7279-F347-4F54-95B6-7335F52746A6}
		{0F9B9BC6-9F86-40E8-BA9B-D27BF3AC7970} = {08DA7279-F347-4F54-95B6-7335F52746A6}
		{CAE7CA7C-0D0C-4FDA-BDE9-BE16A27343EF} = {08DA7279-F347-4F54-95B6-7335F52746A6}
		{F6F74FCA-8E53-4620-90C7-9A91278A3521} = {08DA7279-F347-4F54-95B6-7335F52746A6}
		{F1EFDCB9-FD61-4782-A12A-108C73DB368E} = {08DA7279-F347-4F54-95B6-7335F52746A6}
		{5EB6F2C5-FEF1-402A-AB76-3A9F62B2EFDE} = {E1C0B656-C8EA-4F93-8855-798548B72B13}
		{733BA8FC-C198-4C83-BA57-FE3672CBB307} = {E1C0B656-C8EA-4F93-8855-798548B72B13}
		{53895A69-5516-4598-8D76-32F9F2C67F0E} = {08DA7279-F347-4F54-95B6-7335F52746A6}
		{E45B6452-4E63-4392-81FA-5C7B979A1A9B} = {08DA7279-F347-4F54-95B6-7335F52746A6}
	EndGlobalSection
	GlobalSection(ExtensibilityGlobals) = postSolution
		SolutionGuid = {B99E6BB8-642A-4A68-86DF-69567CBA700A}
	EndGlobalSection
EndGlobal
